Microsoft Visual Studio Solution File, Format Version 12.00
# Visual Studio Version 17
VisualStudioVersion = 17.5.2.0
MinimumVisualStudioVersion = 10.0.40219.1
Project("{2150E333-8FDC-42A3-9474-1A3956D46DE8}") = "aspire", "aspire", "{64880D93-BAB4-FF83-898C-B934B68C31A9}"
EndProject
Project("{FAE04EC0-301F-11D3-BF4B-00C04F79EFBC}") = "Fabric.AppHost", "aspire\Fabric.AppHost\Fabric.AppHost.csproj", "{2C7707E8-6C4F-204B-5C4C-CEE25ADDF9BB}"
EndProject
Global
	GlobalSection(SolutionConfigurationPlatforms) = preSolution
		Debug|Any CPU = Debug|Any CPU
		Release|Any CPU = Release|Any CPU
	EndGlobalSection
	GlobalSection(ProjectConfigurationPlatforms) = postSolution
		{2C7707E8-6C4F-204B-5C4C-CEE25ADDF9BB}.Debug|Any CPU.ActiveCfg = Debug|Any CPU
		{2C7707E8-6C4F-204B-5C4C-CEE25ADDF9BB}.Debug|Any CPU.Build.0 = Debug|Any CPU
		{2C7707E8-6C4F-204B-5C4C-CEE25ADDF9BB}.Release|Any CPU.ActiveCfg = Release|Any CPU
		{2C7707E8-6C4F-204B-5C4C-CEE25ADDF9BB}.Release|Any CPU.Build.0 = Release|Any CPU
	EndGlobalSection
	GlobalSection(SolutionProperties) = preSolution
		HideSolutionNode = FALSE
	EndGlobalSection
	GlobalSection(NestedProjects) = preSolution
		{2C7707E8-6C4F-204B-5C4C-CEE25ADDF9BB} = {64880D93-BAB4-FF83-898C-B934B68C31A9}
	EndGlobalSection
	GlobalSection(ExtensibilityGlobals) = postSolution
		SolutionGuid = {4AF8C451-033A-454C-8C0D-647907558C67}
	EndGlobalSection
EndGlobal
